
Microsoft Visual Studio Solution File, Format Version 12.00
# Visual Studio Version 18
VisualStudioVersion = 18.0.11222.15
MinimumVisualStudioVersion = 10.0.40219.1
Project("{9A19103F-16F7-4668-BE54-9A1E7A4F7556}") = "Arcturus.ResultObjects", "src\Arcturus.ResultObjects\Arcturus.ResultObjects.csproj", "{D6CC2DCE-65AF-457D-9736-04D939660A08}"
EndProject
Project("{2150E333-8FDC-42A3-9474-1A3956D46DE8}") = "Solution Items", "Solution Items", "{AF1827D4-7D2F-448A-821A-752E3E2AAA48}"
	ProjectSection(SolutionItems) = preProject
		src\Directory.Build.props = src\Directory.Build.props
		.github\workflows\packages.yml = .github\workflows\packages.yml
	EndProjectSection
EndProject
Project("{9A19103F-16F7-4668-BE54-9A1E7A4F7556}") = "Arcturus.Extensions.ResultObjects.AspNetCore", "src\Arcturus.Extensions.ResultObjects.AspNetCore\Arcturus.Extensions.ResultObjects.AspNetCore.csproj", "{86DF5173-E1FA-4551-935E-9D62A390A7BB}"
EndProject
Project("{FAE04EC0-301F-11D3-BF4B-00C04F79EFBC}") = "Arcturus.AspNetCore.Endpoints", "src\Arcturus.AspNetCore.Endpoints\Arcturus.AspNetCore.Endpoints.csproj", "{2CF44FC8-346B-44A9-9B80-2D7A16E2B474}"
EndProject
Project("{FAE04EC0-301F-11D3-BF4B-00C04F79EFBC}") = "Arcturus.EventBus.Abstracts", "src\Arcturus.EventBus.Abstracts\Arcturus.EventBus.Abstracts.csproj", "{491AEBF9-2D1C-4E79-928E-B15EEAD1533A}"
EndProject
Project("{FAE04EC0-301F-11D3-BF4B-00C04F79EFBC}") = "Arcturus.EventBus", "src\Arcturus.EventBus\Arcturus.EventBus.csproj", "{ED23F692-87DC-4753-A67B-D6F94F3BBA00}"
EndProject
Project("{FAE04EC0-301F-11D3-BF4B-00C04F79EFBC}") = "Arcturus.EventBus.RabbitMQ", "src\Arcturus.EventBus.RabbitMQ\Arcturus.EventBus.RabbitMQ.csproj", "{86F28A25-A376-411F-B67B-FB6FC3742566}"
EndProject
Project("{FAE04EC0-301F-11D3-BF4B-00C04F79EFBC}") = "Arcturus.EventBus.OpenTelemetry", "src\Arcturus.EventBus.OpenTelemetry\Arcturus.EventBus.OpenTelemetry.csproj", "{DEFC8EF4-E8BD-48F5-99F3-C9D389A1D4AE}"
EndProject
Project("{FAE04EC0-301F-11D3-BF4B-00C04F79EFBC}") = "Arcturus.EventBus.AzureStorageQueue", "src\Arcturus.EventBus.AzureStorageQueue\Arcturus.EventBus.AzureStorageQueue.csproj", "{678EB081-9997-4588-AF4A-ADBBCE69C520}"
EndProject
Project("{FAE04EC0-301F-11D3-BF4B-00C04F79EFBC}") = "Arcturus.EventBus.AzureServiceBus", "src\Arcturus.EventBus.AzureServiceBus\Arcturus.EventBus.AzureServiceBus.csproj", "{61F97C2A-46FD-4183-980C-507EB1FE4D28}"
EndProject
Project("{FAE04EC0-301F-11D3-BF4B-00C04F79EFBC}") = "Arcturus.Patchable", "src\Arcturus.Patchable\Arcturus.Patchable.csproj", "{2AB6ADBC-8BC0-4083-B766-7BBB3A2BD7A3}"
EndProject
Project("{FAE04EC0-301F-11D3-BF4B-00C04F79EFBC}") = "Arcturus.Extensions.Patchable.AspNetCore", "src\Arcturus.Extensions.Patchable.AspNetCore\Arcturus.Extensions.Patchable.AspNetCore.csproj", "{FFAAC84F-D01B-432D-BD56-26B1734516E5}"
EndProject
Project("{FAE04EC0-301F-11D3-BF4B-00C04F79EFBC}") = "Arcturus.Extensions.CommandLine", "src\Arcturus.Extensions.CommandLine\Arcturus.Extensions.CommandLine.csproj", "{0E001D55-DF45-C900-A4B0-6B735DBCEFF8}"
EndProject
Project("{FAE04EC0-301F-11D3-BF4B-00C04F79EFBC}") = "Arcturus.Extensions.Configuration.AzureStorageBlob", "src\Arcturus.Extensions.Configuration.AzureStorageBlob\Arcturus.Extensions.Configuration.AzureStorageBlob.csproj", "{71FDBEC7-98CC-4598-AEB4-9F7D1E6386CF}"
EndProject
Project("{FAE04EC0-301F-11D3-BF4B-00C04F79EFBC}") = "Arcturus.Repository.Abstracts", "src\Arcturus.Data.Repository.Abstracts\Arcturus.Repository.Abstracts.csproj", "{F6EF5FE0-D93B-4037-A952-27159A9DCAA0}"
EndProject
Project("{FAE04EC0-301F-11D3-BF4B-00C04F79EFBC}") = "Arcturus.Repository.EntityFrameworkCore.SqlServer", "src\Arcturus.Data.Repository.EntityFrameworkCore\Arcturus.Repository.EntityFrameworkCore.SqlServer.csproj", "{28B9E4AF-30B8-4E69-A0AB-9BD0CC291E73}"
EndProject
Project("{2150E333-8FDC-42A3-9474-1A3956D46DE8}") = "Arcturus.Repository", "Arcturus.Repository", "{2704D691-5F57-F6FE-87A1-3485E03145A0}"
EndProject
Project("{2150E333-8FDC-42A3-9474-1A3956D46DE8}") = "Arcturus.EventBus", "Arcturus.EventBus", "{964417FA-C755-7093-BA4C-6353CF7D51A4}"
EndProject
Project("{2150E333-8FDC-42A3-9474-1A3956D46DE8}") = "Arcturus.Patchable", "Arcturus.Patchable", "{FC749AA0-5C41-1888-952B-DAC495F27F68}"
EndProject
Project("{2150E333-8FDC-42A3-9474-1A3956D46DE8}") = "Arcturus.ResultObjects", "Arcturus.ResultObjects", "{C4BAB066-7BA5-10D5-3211-C55B71E8DEBF}"
EndProject
Project("{FAE04EC0-301F-11D3-BF4B-00C04F79EFBC}") = "Arcturus.Extensions.Caching.AzureStorageTable", "src\Arcturus.Extensions.Caching.AzureStorageTable\Arcturus.Extensions.Caching.AzureStorageTable.csproj", "{40C74B46-8C64-4464-A95F-3BAF1F819B10}"
EndProject
Project("{FAE04EC0-301F-11D3-BF4B-00C04F79EFBC}") = "Arcturus.Extensions.Caching", "src\Arcturus.Extensions.Caching\Arcturus.Extensions.Caching.csproj", "{0B624881-665D-4A16-AA78-0FD3C3009FF8}"
EndProject
Project("{FAE04EC0-301F-11D3-BF4B-00C04F79EFBC}") = "Arcturus.Mediation.Abstracts", "src\Arcturus.Mediation.Abstracts\Arcturus.Mediation.Abstracts.csproj", "{A1B2C3D4-E5F6-7890-ABCD-123456789ABC}"
EndProject
Project("{FAE04EC0-301F-11D3-BF4B-00C04F79EFBC}") = "Arcturus.Mediation", "src\Arcturus.Mediation\Arcturus.Mediation.csproj", "{B2C3D4E5-F6A7-8901-BCDE-23456789ABCD}"
EndProject
Project("{FAE04EC0-301F-11D3-BF4B-00C04F79EFBC}") = "Arcturus.Mediation.Sample", "samples\Arcturus.Mediation.Sample\Arcturus.Mediation.Sample.csproj", "{D4E5F6A7-B8C9-0123-DEF4-56789ABCDEF0}"
EndProject
Project("{2150E333-8FDC-42A3-9474-1A3956D46DE8}") = "Arcturus.Mediation", "Arcturus.Mediation", "{C7ADF598-7A96-3329-39F7-467047106697}"
EndProject
Project("{FAE04EC0-301F-11D3-BF4B-00C04F79EFBC}") = "Arcturus.Extensions.Repository.Pagination", "src\Arcturus.Extensions.Repository.Pagination\Arcturus.Extensions.Repository.Pagination.csproj", "{F80BAA8B-A24F-41D6-81C2-D972F755390D}"
EndProject
Project("{FAE04EC0-301F-11D3-BF4B-00C04F79EFBC}") = "Arcturus.EventBus.Sqlite", "src\Arcturus.EventBus.Sqlite\Arcturus.EventBus.Sqlite.csproj", "{8AD69245-22C2-4CD4-BCCF-AFB13384BF2C}"
EndProject
Project("{FAE04EC0-301F-11D3-BF4B-00C04F79EFBC}") = "Arcturus.Eventbus.Sample", "samples\Arcturus.Eventbus.Sample\Arcturus.Eventbus.Sample.csproj", "{EE4B512A-7620-418D-8208-2F60080B327B}"
EndProject
Project("{FAE04EC0-301F-11D3-BF4B-00C04F79EFBC}") = "Arcturus.Xunit", "src\Arcturus.Xunit\Arcturus.Xunit.csproj", "{3C4F1409-9E0A-4326-A167-9B9913B31840}"
EndProject
Project("{FAE04EC0-301F-11D3-BF4B-00C04F79EFBC}") = "Arcturus.Repository.EntityFrameworkCore.PostgresSql", "src\Arcturus.Repository.EntityFrameworkCore.PostgresSql\Arcturus.Repository.EntityFrameworkCore.PostgresSql.csproj", "{952CAA7C-72F7-42AA-970F-A9DE6552D84D}"
EndProject
Project("{FAE04EC0-301F-11D3-BF4B-00C04F79EFBC}") = "Arcturus.CodeAnalysis.CSharp", "src\Arcturus.CodeAnalysis.CSharp\Arcturus.CodeAnalysis.CSharp.csproj", "{877CF877-70D7-44D7-BCE6-F3DE62824C3D}"
EndProject
Global
	GlobalSection(SolutionConfigurationPlatforms) = preSolution
		Debug|Any CPU = Debug|Any CPU
		Release|Any CPU = Release|Any CPU
	EndGlobalSection
	GlobalSection(ProjectConfigurationPlatforms) = postSolution
		{D6CC2DCE-65AF-457D-9736-04D939660A08}.Debug|Any CPU.ActiveCfg = Debug|Any CPU
		{D6CC2DCE-65AF-457D-9736-04D939660A08}.Debug|Any CPU.Build.0 = Debug|Any CPU
		{D6CC2DCE-65AF-457D-9736-04D939660A08}.Release|Any CPU.ActiveCfg = Release|Any CPU
		{D6CC2DCE-65AF-457D-9736-04D939660A08}.Release|Any CPU.Build.0 = Release|Any CPU
		{86DF5173-E1FA-4551-935E-9D62A390A7BB}.Debug|Any CPU.ActiveCfg = Debug|Any CPU
		{86DF5173-E1FA-4551-935E-9D62A390A7BB}.Debug|Any CPU.Build.0 = Debug|Any CPU
		{86DF5173-E1FA-4551-935E-9D62A390A7BB}.Release|Any CPU.ActiveCfg = Release|Any CPU
		{86DF5173-E1FA-4551-935E-9D62A390A7BB}.Release|Any CPU.Build.0 = Release|Any CPU
		{2CF44FC8-346B-44A9-9B80-2D7A16E2B474}.Debug|Any CPU.ActiveCfg = Debug|Any CPU
		{2CF44FC8-346B-44A9-9B80-2D7A16E2B474}.Debug|Any CPU.Build.0 = Debug|Any CPU
		{2CF44FC8-346B-44A9-9B80-2D7A16E2B474}.Release|Any CPU.ActiveCfg = Release|Any CPU
		{2CF44FC8-346B-44A9-9B80-2D7A16E2B474}.Release|Any CPU.Build.0 = Release|Any CPU
		{491AEBF9-2D1C-4E79-928E-B15EEAD1533A}.Debug|Any CPU.ActiveCfg = Debug|Any CPU
		{491AEBF9-2D1C-4E79-928E-B15EEAD1533A}.Debug|Any CPU.Build.0 = Debug|Any CPU
		{491AEBF9-2D1C-4E79-928E-B15EEAD1533A}.Release|Any CPU.ActiveCfg = Release|Any CPU
		{491AEBF9-2D1C-4E79-928E-B15EEAD1533A}.Release|Any CPU.Build.0 = Release|Any CPU
		{ED23F692-87DC-4753-A67B-D6F94F3BBA00}.Debug|Any CPU.ActiveCfg = Debug|Any CPU
		{ED23F692-87DC-4753-A67B-D6F94F3BBA00}.Debug|Any CPU.Build.0 = Debug|Any CPU
		{ED23F692-87DC-4753-A67B-D6F94F3BBA00}.Release|Any CPU.ActiveCfg = Release|Any CPU
		{ED23F692-87DC-4753-A67B-D6F94F3BBA00}.Release|Any CPU.Build.0 = Release|Any CPU
		{86F28A25-A376-411F-B67B-FB6FC3742566}.Debug|Any CPU.ActiveCfg = Debug|Any CPU
		{86F28A25-A376-411F-B67B-FB6FC3742566}.Debug|Any CPU.Build.0 = Debug|Any CPU
		{86F28A25-A376-411F-B67B-FB6FC3742566}.Release|Any CPU.ActiveCfg = Release|Any CPU
		{86F28A25-A376-411F-B67B-FB6FC3742566}.Release|Any CPU.Build.0 = Release|Any CPU
		{DEFC8EF4-E8BD-48F5-99F3-C9D389A1D4AE}.Debug|Any CPU.ActiveCfg = Debug|Any CPU
		{DEFC8EF4-E8BD-48F5-99F3-C9D389A1D4AE}.Debug|Any CPU.Build.0 = Debug|Any CPU
		{DEFC8EF4-E8BD-48F5-99F3-C9D389A1D4AE}.Release|Any CPU.ActiveCfg = Release|Any CPU
		{DEFC8EF4-E8BD-48F5-99F3-C9D389A1D4AE}.Release|Any CPU.Build.0 = Release|Any CPU
		{678EB081-9997-4588-AF4A-ADBBCE69C520}.Debug|Any CPU.ActiveCfg = Debug|Any CPU
		{678EB081-9997-4588-AF4A-ADBBCE69C520}.Debug|Any CPU.Build.0 = Debug|Any CPU
		{678EB081-9997-4588-AF4A-ADBBCE69C520}.Release|Any CPU.ActiveCfg = Release|Any CPU
		{678EB081-9997-4588-AF4A-ADBBCE69C520}.Release|Any CPU.Build.0 = Release|Any CPU
		{61F97C2A-46FD-4183-980C-507EB1FE4D28}.Debug|Any CPU.ActiveCfg = Debug|Any CPU
		{61F97C2A-46FD-4183-980C-507EB1FE4D28}.Debug|Any CPU.Build.0 = Debug|Any CPU
		{61F97C2A-46FD-4183-980C-507EB1FE4D28}.Release|Any CPU.ActiveCfg = Release|Any CPU
		{61F97C2A-46FD-4183-980C-507EB1FE4D28}.Release|Any CPU.Build.0 = Release|Any CPU
		{2AB6ADBC-8BC0-4083-B766-7BBB3A2BD7A3}.Debug|Any CPU.ActiveCfg = Debug|Any CPU
		{2AB6ADBC-8BC0-4083-B766-7BBB3A2BD7A3}.Debug|Any CPU.Build.0 = Debug|Any CPU
		{2AB6ADBC-8BC0-4083-B766-7BBB3A2BD7A3}.Release|Any CPU.ActiveCfg = Release|Any CPU
		{2AB6ADBC-8BC0-4083-B766-7BBB3A2BD7A3}.Release|Any CPU.Build.0 = Release|Any CPU
		{FFAAC84F-D01B-432D-BD56-26B1734516E5}.Debug|Any CPU.ActiveCfg = Debug|Any CPU
		{FFAAC84F-D01B-432D-BD56-26B1734516E5}.Debug|Any CPU.Build.0 = Debug|Any CPU
		{FFAAC84F-D01B-432D-BD56-26B1734516E5}.Release|Any CPU.ActiveCfg = Release|Any CPU
		{FFAAC84F-D01B-432D-BD56-26B1734516E5}.Release|Any CPU.Build.0 = Release|Any CPU
		{0E001D55-DF45-C900-A4B0-6B735DBCEFF8}.Debug|Any CPU.ActiveCfg = Debug|Any CPU
		{0E001D55-DF45-C900-A4B0-6B735DBCEFF8}.Debug|Any CPU.Build.0 = Debug|Any CPU
		{0E001D55-DF45-C900-A4B0-6B735DBCEFF8}.Release|Any CPU.ActiveCfg = Release|Any CPU
		{0E001D55-DF45-C900-A4B0-6B735DBCEFF8}.Release|Any CPU.Build.0 = Release|Any CPU
		{71FDBEC7-98CC-4598-AEB4-9F7D1E6386CF}.Debug|Any CPU.ActiveCfg = Debug|Any CPU
		{71FDBEC7-98CC-4598-AEB4-9F7D1E6386CF}.Debug|Any CPU.Build.0 = Debug|Any CPU
		{71FDBEC7-98CC-4598-AEB4-9F7D1E6386CF}.Release|Any CPU.ActiveCfg = Release|Any CPU
		{71FDBEC7-98CC-4598-AEB4-9F7D1E6386CF}.Release|Any CPU.Build.0 = Release|Any CPU
		{F6EF5FE0-D93B-4037-A952-27159A9DCAA0}.Debug|Any CPU.ActiveCfg = Debug|Any CPU
		{F6EF5FE0-D93B-4037-A952-27159A9DCAA0}.Debug|Any CPU.Build.0 = Debug|Any CPU
		{F6EF5FE0-D93B-4037-A952-27159A9DCAA0}.Release|Any CPU.ActiveCfg = Release|Any CPU
		{F6EF5FE0-D93B-4037-A952-27159A9DCAA0}.Release|Any CPU.Build.0 = Release|Any CPU
		{28B9E4AF-30B8-4E69-A0AB-9BD0CC291E73}.Debug|Any CPU.ActiveCfg = Debug|Any CPU
		{28B9E4AF-30B8-4E69-A0AB-9BD0CC291E73}.Debug|Any CPU.Build.0 = Debug|Any CPU
		{28B9E4AF-30B8-4E69-A0AB-9BD0CC291E73}.Release|Any CPU.ActiveCfg = Release|Any CPU
		{28B9E4AF-30B8-4E69-A0AB-9BD0CC291E73}.Release|Any CPU.Build.0 = Release|Any CPU
		{40C74B46-8C64-4464-A95F-3BAF1F819B10}.Debug|Any CPU.ActiveCfg = Debug|Any CPU
		{40C74B46-8C64-4464-A95F-3BAF1F819B10}.Debug|Any CPU.Build.0 = Debug|Any CPU
		{40C74B46-8C64-4464-A95F-3BAF1F819B10}.Release|Any CPU.ActiveCfg = Release|Any CPU
		{40C74B46-8C64-4464-A95F-3BAF1F819B10}.Release|Any CPU.Build.0 = Release|Any CPU
		{0B624881-665D-4A16-AA78-0FD3C3009FF8}.Debug|Any CPU.ActiveCfg = Debug|Any CPU
		{0B624881-665D-4A16-AA78-0FD3C3009FF8}.Debug|Any CPU.Build.0 = Debug|Any CPU
		{0B624881-665D-4A16-AA78-0FD3C3009FF8}.Release|Any CPU.ActiveCfg = Release|Any CPU
		{0B624881-665D-4A16-AA78-0FD3C3009FF8}.Release|Any CPU.Build.0 = Release|Any CPU
		{A1B2C3D4-E5F6-7890-ABCD-123456789ABC}.Debug|Any CPU.ActiveCfg = Debug|Any CPU
		{A1B2C3D4-E5F6-7890-ABCD-123456789ABC}.Debug|Any CPU.Build.0 = Debug|Any CPU
		{A1B2C3D4-E5F6-7890-ABCD-123456789ABC}.Release|Any CPU.ActiveCfg = Release|Any CPU
		{A1B2C3D4-E5F6-7890-ABCD-123456789ABC}.Release|Any CPU.Build.0 = Release|Any CPU
		{B2C3D4E5-F6A7-8901-BCDE-23456789ABCD}.Debug|Any CPU.ActiveCfg = Debug|Any CPU
		{B2C3D4E5-F6A7-8901-BCDE-23456789ABCD}.Debug|Any CPU.Build.0 = Debug|Any CPU
		{B2C3D4E5-F6A7-8901-BCDE-23456789ABCD}.Release|Any CPU.ActiveCfg = Release|Any CPU
		{B2C3D4E5-F6A7-8901-BCDE-23456789ABCD}.Release|Any CPU.Build.0 = Release|Any CPU
		{D4E5F6A7-B8C9-0123-DEF4-56789ABCDEF0}.Debug|Any CPU.ActiveCfg = Debug|Any CPU
		{D4E5F6A7-B8C9-0123-DEF4-56789ABCDEF0}.Debug|Any CPU.Build.0 = Debug|Any CPU
		{D4E5F6A7-B8C9-0123-DEF4-56789ABCDEF0}.Release|Any CPU.ActiveCfg = Release|Any CPU
		{D4E5F6A7-B8C9-0123-DEF4-56789ABCDEF0}.Release|Any CPU.Build.0 = Release|Any CPU
		{F80BAA8B-A24F-41D6-81C2-D972F755390D}.Debug|Any CPU.ActiveCfg = Debug|Any CPU
		{F80BAA8B-A24F-41D6-81C2-D972F755390D}.Debug|Any CPU.Build.0 = Debug|Any CPU
		{F80BAA8B-A24F-41D6-81C2-D972F755390D}.Release|Any CPU.ActiveCfg = Release|Any CPU
		{F80BAA8B-A24F-41D6-81C2-D972F755390D}.Release|Any CPU.Build.0 = Release|Any CPU
		{8AD69245-22C2-4CD4-BCCF-AFB13384BF2C}.Debug|Any CPU.ActiveCfg = Debug|Any CPU
		{8AD69245-22C2-4CD4-BCCF-AFB13384BF2C}.Debug|Any CPU.Build.0 = Debug|Any CPU
		{8AD69245-22C2-4CD4-BCCF-AFB13384BF2C}.Release|Any CPU.ActiveCfg = Release|Any CPU
		{8AD69245-22C2-4CD4-BCCF-AFB13384BF2C}.Release|Any CPU.Build.0 = Release|Any CPU
		{EE4B512A-7620-418D-8208-2F60080B327B}.Debug|Any CPU.ActiveCfg = Debug|Any CPU
		{EE4B512A-7620-418D-8208-2F60080B327B}.Debug|Any CPU.Build.0 = Debug|Any CPU
		{EE4B512A-7620-418D-8208-2F60080B327B}.Release|Any CPU.ActiveCfg = Release|Any CPU
		{EE4B512A-7620-418D-8208-2F60080B327B}.Release|Any CPU.Build.0 = Release|Any CPU
		{3C4F1409-9E0A-4326-A167-9B9913B31840}.Debug|Any CPU.ActiveCfg = Debug|Any CPU
		{3C4F1409-9E0A-4326-A167-9B9913B31840}.Debug|Any CPU.Build.0 = Debug|Any CPU
		{3C4F1409-9E0A-4326-A167-9B9913B31840}.Release|Any CPU.ActiveCfg = Release|Any CPU
		{3C4F1409-9E0A-4326-A167-9B9913B31840}.Release|Any CPU.Build.0 = Release|Any CPU
		{952CAA7C-72F7-42AA-970F-A9DE6552D84D}.Debug|Any CPU.ActiveCfg = Debug|Any CPU
		{952CAA7C-72F7-42AA-970F-A9DE6552D84D}.Debug|Any CPU.Build.0 = Debug|Any CPU
		{952CAA7C-72F7-42AA-970F-A9DE6552D84D}.Release|Any CPU.ActiveCfg = Release|Any CPU
		{952CAA7C-72F7-42AA-970F-A9DE6552D84D}.Release|Any CPU.Build.0 = Release|Any CPU
		{877CF877-70D7-44D7-BCE6-F3DE62824C3D}.Debug|Any CPU.ActiveCfg = Debug|Any CPU
		{877CF877-70D7-44D7-BCE6-F3DE62824C3D}.Debug|Any CPU.Build.0 = Debug|Any CPU
		{877CF877-70D7-44D7-BCE6-F3DE62824C3D}.Release|Any CPU.ActiveCfg = Release|Any CPU
		{877CF877-70D7-44D7-BCE6-F3DE62824C3D}.Release|Any CPU.Build.0 = Release|Any CPU
	EndGlobalSection
	GlobalSection(SolutionProperties) = preSolution
		HideSolutionNode = FALSE
	EndGlobalSection
	GlobalSection(NestedProjects) = preSolution
		{D6CC2DCE-65AF-457D-9736-04D939660A08} = {C4BAB066-7BA5-10D5-3211-C55B71E8DEBF}
		{86DF5173-E1FA-4551-935E-9D62A390A7BB} = {C4BAB066-7BA5-10D5-3211-C55B71E8DEBF}
		{491AEBF9-2D1C-4E79-928E-B15EEAD1533A} = {964417FA-C755-7093-BA4C-6353CF7D51A4}
		{ED23F692-87DC-4753-A67B-D6F94F3BBA00} = {964417FA-C755-7093-BA4C-6353CF7D51A4}
		{86F28A25-A376-411F-B67B-FB6FC3742566} = {964417FA-C755-7093-BA4C-6353CF7D51A4}
		{DEFC8EF4-E8BD-48F5-99F3-C9D389A1D4AE} = {964417FA-C755-7093-BA4C-6353CF7D51A4}
		{678EB081-9997-4588-AF4A-ADBBCE69C520} = {964417FA-C755-7093-BA4C-6353CF7D51A4}
		{61F97C2A-46FD-4183-980C-507EB1FE4D28} = {964417FA-C755-7093-BA4C-6353CF7D51A4}
		{2AB6ADBC-8BC0-4083-B766-7BBB3A2BD7A3} = {FC749AA0-5C41-1888-952B-DAC495F27F68}
		{FFAAC84F-D01B-432D-BD56-26B1734516E5} = {FC749AA0-5C41-1888-952B-DAC495F27F68}
		{F6EF5FE0-D93B-4037-A952-27159A9DCAA0} = {2704D691-5F57-F6FE-87A1-3485E03145A0}
		{28B9E4AF-30B8-4E69-A0AB-9BD0CC291E73} = {2704D691-5F57-F6FE-87A1-3485E03145A0}
		{A1B2C3D4-E5F6-7890-ABCD-123456789ABC} = {C7ADF598-7A96-3329-39F7-467047106697}
		{B2C3D4E5-F6A7-8901-BCDE-23456789ABCD} = {C7ADF598-7A96-3329-39F7-467047106697}
		{D4E5F6A7-B8C9-0123-DEF4-56789ABCDEF0} = {C7ADF598-7A96-3329-39F7-467047106697}
		{F80BAA8B-A24F-41D6-81C2-D972F755390D} = {2704D691-5F57-F6FE-87A1-3485E03145A0}
		{8AD69245-22C2-4CD4-BCCF-AFB13384BF2C} = {964417FA-C755-7093-BA4C-6353CF7D51A4}
		{EE4B512A-7620-418D-8208-2F60080B327B} = {964417FA-C755-7093-BA4C-6353CF7D51A4}
		{952CAA7C-72F7-42AA-970F-A9DE6552D84D} = {2704D691-5F57-F6FE-87A1-3485E03145A0}
	EndGlobalSection
	GlobalSection(ExtensibilityGlobals) = postSolution
		SolutionGuid = {892EBAB5-9416-41D4-8195-C1A7E9BE754F}
	EndGlobalSection
EndGlobal
